// !$*UTF8*$!
{
	archiveVersion = 1;
	classes = {
	};
	objectVersion = 46;
	objects = {

/* Begin PBXAggregateTarget section */
		0A229A7B189A7445006904CA /* Mogenerator */ = {
			isa = PBXAggregateTarget;
			buildConfigurationList = 0A229A7F189A7445006904CA /* Build configuration list for PBXAggregateTarget "Mogenerator" */;
			buildPhases = (
				0A229A80189A7464006904CA /* ShellScript */,
			);
			dependencies = (
			);
			name = Mogenerator;
			productName = Mogenerator;
		};
/* End PBXAggregateTarget section */

/* Begin PBXBuildFile section */
		0A229A86189A74CC006904CA /* XCTest.framework in Frameworks */ = {isa = PBXBuildFile; fileRef = 0AB8C99318854D2900117769 /* XCTest.framework */; };
		0A229A87189A74CC006904CA /* Foundation.framework in Frameworks */ = {isa = PBXBuildFile; fileRef = 0AB8C97118854D2900117769 /* Foundation.framework */; };
		0A229A8E189A74CC006904CA /* InfoPlist.strings in Resources */ = {isa = PBXBuildFile; fileRef = 0A229A8C189A74CC006904CA /* InfoPlist.strings */; };
		0A229A90189A74CC006904CA /* Tests.m in Sources */ = {isa = PBXBuildFile; fileRef = 0A229A8F189A74CC006904CA /* Tests.m */; };
		0AB8C97218854D2900117769 /* Foundation.framework in Frameworks */ = {isa = PBXBuildFile; fileRef = 0AB8C97118854D2900117769 /* Foundation.framework */; };
		0AB8C97418854D2900117769 /* CoreGraphics.framework in Frameworks */ = {isa = PBXBuildFile; fileRef = 0AB8C97318854D2900117769 /* CoreGraphics.framework */; };
		0AB8C9BF18854E2700117769 /* AppDelegate.m in Sources */ = {isa = PBXBuildFile; fileRef = 0AB8C9AC18854E2700117769 /* AppDelegate.m */; };
		0AB8C9C018854E2700117769 /* Images.xcassets in Resources */ = {isa = PBXBuildFile; fileRef = 0AB8C9B618854E2700117769 /* Images.xcassets */; };
		0AB8C9C418854E2700117769 /* main.m in Sources */ = {isa = PBXBuildFile; fileRef = 0AB8C9BE18854E2700117769 /* main.m */; };
		0AB8C9C718854E9100117769 /* GVUserDefaults+Properties.m in Sources */ = {isa = PBXBuildFile; fileRef = 0AB8C9C618854E9100117769 /* GVUserDefaults+Properties.m */; };
		0AB8C9CA18854ED600117769 /* Config.m in Sources */ = {isa = PBXBuildFile; fileRef = 0AB8C9C918854ED600117769 /* Config.m */; };
		0AB8C9D218858C8C00117769 /* Utils.m in Sources */ = {isa = PBXBuildFile; fileRef = 0AB8C9D118858C8C00117769 /* Utils.m */; };
		2061CB103A9C455D881C767F /* libPods.a in Frameworks */ = {isa = PBXBuildFile; fileRef = 0531F1C2FA124A1DA5036561 /* libPods.a */; };
		B00071DF18BACA9000BB0C19 /* MainMenu.xib in Resources */ = {isa = PBXBuildFile; fileRef = B007DB9718BAC6CC009B6639 /* MainMenu.xib */; };
		B00071E018BACAA600BB0C19 /* InfoPlist.strings in Resources */ = {isa = PBXBuildFile; fileRef = B007DB8B18BAC6CC009B6639 /* InfoPlist.strings */; };
		B00071E118BACAA600BB0C19 /* Credits.rtf in Resources */ = {isa = PBXBuildFile; fileRef = B007DB9118BAC6CC009B6639 /* Credits.rtf */; };
		B061FD7018ADD63C0002CF2D /* AppKit.framework in Frameworks */ = {isa = PBXBuildFile; fileRef = B061FD6F18ADD63C0002CF2D /* AppKit.framework */; };
		B0DDC06718BEFA1D009E9944 /* Radio.xcdatamodeld in Sources */ = {isa = PBXBuildFile; fileRef = B0DDC06518BEFA1D009E9944 /* Radio.xcdatamodeld */; };
		B0DDC08318BEFBD5009E9944 /* _RadioManagedAudioClip.m in Sources */ = {isa = PBXBuildFile; fileRef = B0DDC06C18BEFBD5009E9944 /* _RadioManagedAudioClip.m */; };
		B0DDC08418BEFBD5009E9944 /* _RadioManagedSkipHistory.m in Sources */ = {isa = PBXBuildFile; fileRef = B0DDC06E18BEFBD5009E9944 /* _RadioManagedSkipHistory.m */; };
		B0DDC08518BEFBD5009E9944 /* _RadioManagedStation.m in Sources */ = {isa = PBXBuildFile; fileRef = B0DDC07018BEFBD5009E9944 /* _RadioManagedStation.m */; };
		B0DDC08618BEFBD5009E9944 /* _RadioManagedTrack.m in Sources */ = {isa = PBXBuildFile; fileRef = B0DDC07218BEFBD5009E9944 /* _RadioManagedTrack.m */; };
		B0DDC08718BEFBD5009E9944 /* _RadioManagedTrackHistory.m in Sources */ = {isa = PBXBuildFile; fileRef = B0DDC07418BEFBD5009E9944 /* _RadioManagedTrackHistory.m */; };
		B0DDC08818BEFBD5009E9944 /* _RadioRevision.m in Sources */ = {isa = PBXBuildFile; fileRef = B0DDC07618BEFBD5009E9944 /* _RadioRevision.m */; };
		B0DDC08918BEFBD5009E9944 /* RadioManagedAudioClip.m in Sources */ = {isa = PBXBuildFile; fileRef = B0DDC07818BEFBD5009E9944 /* RadioManagedAudioClip.m */; };
		B0DDC08A18BEFBD5009E9944 /* RadioManagedSkipHistory.m in Sources */ = {isa = PBXBuildFile; fileRef = B0DDC07A18BEFBD5009E9944 /* RadioManagedSkipHistory.m */; };
		B0DDC08B18BEFBD5009E9944 /* RadioManagedStation.m in Sources */ = {isa = PBXBuildFile; fileRef = B0DDC07C18BEFBD5009E9944 /* RadioManagedStation.m */; };
		B0DDC08C18BEFBD5009E9944 /* RadioManagedTrack.m in Sources */ = {isa = PBXBuildFile; fileRef = B0DDC07E18BEFBD5009E9944 /* RadioManagedTrack.m */; };
		B0DDC08D18BEFBD5009E9944 /* RadioManagedTrackHistory.m in Sources */ = {isa = PBXBuildFile; fileRef = B0DDC08018BEFBD5009E9944 /* RadioManagedTrackHistory.m */; };
		B0DDC08E18BEFBD5009E9944 /* RadioRevision.m in Sources */ = {isa = PBXBuildFile; fileRef = B0DDC08218BEFBD5009E9944 /* RadioRevision.m */; };
		B0E9985F18BAC2F50068191C /* Cocoa.framework in Frameworks */ = {isa = PBXBuildFile; fileRef = B0E9985E18BAC2F50068191C /* Cocoa.framework */; };
/* End PBXBuildFile section */

/* Begin PBXContainerItemProxy section */
		0A229A92189A74CC006904CA /* PBXContainerItemProxy */ = {
			isa = PBXContainerItemProxy;
			containerPortal = 0AB8C96618854D2900117769 /* Project object */;
			proxyType = 1;
			remoteGlobalIDString = 0AB8C96D18854D2900117769;
			remoteInfo = iTunesRadioScrobble;
		};
		B0DDC06818BEFAFC009E9944 /* PBXContainerItemProxy */ = {
			isa = PBXContainerItemProxy;
			containerPortal = 0AB8C96618854D2900117769 /* Project object */;
			proxyType = 1;
			remoteGlobalIDString = 0A229A7B189A7445006904CA;
			remoteInfo = Mogenerator;
		};
/* End PBXContainerItemProxy section */

/* Begin PBXFileReference section */
		0531F1C2FA124A1DA5036561 /* libPods.a */ = {isa = PBXFileReference; explicitFileType = archive.ar; includeInIndex = 0; path = libPods.a; sourceTree = BUILT_PRODUCTS_DIR; };
		0A229A85189A74CC006904CA /* Tests.xctest */ = {isa = PBXFileReference; explicitFileType = wrapper.cfbundle; includeInIndex = 0; path = Tests.xctest; sourceTree = BUILT_PRODUCTS_DIR; };
		0A229A8B189A74CC006904CA /* Tests-Info.plist */ = {isa = PBXFileReference; lastKnownFileType = text.plist.xml; path = "Tests-Info.plist"; sourceTree = "<group>"; };
		0A229A8D189A74CC006904CA /* en */ = {isa = PBXFileReference; lastKnownFileType = text.plist.strings; name = en; path = en.lproj/InfoPlist.strings; sourceTree = "<group>"; };
		0A229A8F189A74CC006904CA /* Tests.m */ = {isa = PBXFileReference; lastKnownFileType = sourcecode.c.objc; path = Tests.m; sourceTree = "<group>"; };
		0A229A91189A74CC006904CA /* Tests-Prefix.pch */ = {isa = PBXFileReference; lastKnownFileType = sourcecode.c.h; path = "Tests-Prefix.pch"; sourceTree = "<group>"; };
		0AB8C96E18854D2900117769 /* iTunesRadioScrobble.app */ = {isa = PBXFileReference; explicitFileType = wrapper.application; includeInIndex = 0; path = iTunesRadioScrobble.app; sourceTree = BUILT_PRODUCTS_DIR; };
		0AB8C97118854D2900117769 /* Foundation.framework */ = {isa = PBXFileReference; lastKnownFileType = wrapper.framework; name = Foundation.framework; path = System/Library/Frameworks/Foundation.framework; sourceTree = SDKROOT; };
		0AB8C97318854D2900117769 /* CoreGraphics.framework */ = {isa = PBXFileReference; lastKnownFileType = wrapper.framework; name = CoreGraphics.framework; path = System/Library/Frameworks/CoreGraphics.framework; sourceTree = SDKROOT; };
		0AB8C99318854D2900117769 /* XCTest.framework */ = {isa = PBXFileReference; lastKnownFileType = wrapper.framework; name = XCTest.framework; path = Library/Frameworks/XCTest.framework; sourceTree = DEVELOPER_DIR; };
		0AB8C9AB18854E2700117769 /* AppDelegate.h */ = {isa = PBXFileReference; fileEncoding = 4; lastKnownFileType = sourcecode.c.h; path = AppDelegate.h; sourceTree = "<group>"; };
		0AB8C9AC18854E2700117769 /* AppDelegate.m */ = {isa = PBXFileReference; fileEncoding = 4; lastKnownFileType = sourcecode.c.objc; path = AppDelegate.m; sourceTree = "<group>"; };
		0AB8C9B618854E2700117769 /* Images.xcassets */ = {isa = PBXFileReference; lastKnownFileType = folder.assetcatalog; path = Images.xcassets; sourceTree = "<group>"; };
		0AB8C9BC18854E2700117769 /* iTunesRadioScrobble-Info.plist */ = {isa = PBXFileReference; fileEncoding = 4; lastKnownFileType = text.plist.xml; path = "iTunesRadioScrobble-Info.plist"; sourceTree = "<group>"; };
		0AB8C9BD18854E2700117769 /* iTunesRadioScrobble-Prefix.pch */ = {isa = PBXFileReference; fileEncoding = 4; lastKnownFileType = sourcecode.c.h; path = "iTunesRadioScrobble-Prefix.pch"; sourceTree = "<group>"; };
		0AB8C9BE18854E2700117769 /* main.m */ = {isa = PBXFileReference; fileEncoding = 4; lastKnownFileType = sourcecode.c.objc; path = main.m; sourceTree = "<group>"; };
		0AB8C9C518854E9100117769 /* GVUserDefaults+Properties.h */ = {isa = PBXFileReference; fileEncoding = 4; lastKnownFileType = sourcecode.c.h; path = "GVUserDefaults+Properties.h"; sourceTree = "<group>"; };
		0AB8C9C618854E9100117769 /* GVUserDefaults+Properties.m */ = {isa = PBXFileReference; fileEncoding = 4; lastKnownFileType = sourcecode.c.objc; path = "GVUserDefaults+Properties.m"; sourceTree = "<group>"; };
		0AB8C9C818854ED600117769 /* Config.h */ = {isa = PBXFileReference; fileEncoding = 4; lastKnownFileType = sourcecode.c.h; path = Config.h; sourceTree = "<group>"; };
		0AB8C9C918854ED600117769 /* Config.m */ = {isa = PBXFileReference; fileEncoding = 4; lastKnownFileType = sourcecode.c.objc; path = Config.m; sourceTree = "<group>"; };
		0AB8C9D018858C8C00117769 /* Utils.h */ = {isa = PBXFileReference; fileEncoding = 4; lastKnownFileType = sourcecode.c.h; path = Utils.h; sourceTree = "<group>"; };
		0AB8C9D118858C8C00117769 /* Utils.m */ = {isa = PBXFileReference; fileEncoding = 4; lastKnownFileType = sourcecode.c.objc; path = Utils.m; sourceTree = "<group>"; };
		0AB8C9D318858EAB00117769 /* Globals.h */ = {isa = PBXFileReference; lastKnownFileType = sourcecode.c.h; path = Globals.h; sourceTree = "<group>"; };
		AA43C0483E5C4DED9057228A /* Pods.xcconfig */ = {isa = PBXFileReference; includeInIndex = 1; lastKnownFileType = text.xcconfig; name = Pods.xcconfig; path = Pods/Pods.xcconfig; sourceTree = "<group>"; };
		B007DB8518BAC6CB009B6639 /* AppKit.framework */ = {isa = PBXFileReference; lastKnownFileType = wrapper.framework; name = AppKit.framework; path = System/Library/Frameworks/AppKit.framework; sourceTree = SDKROOT; };
		B007DB8618BAC6CB009B6639 /* CoreData.framework */ = {isa = PBXFileReference; lastKnownFileType = wrapper.framework; name = CoreData.framework; path = System/Library/Frameworks/CoreData.framework; sourceTree = SDKROOT; };
		B007DB8718BAC6CB009B6639 /* Foundation.framework */ = {isa = PBXFileReference; lastKnownFileType = wrapper.framework; name = Foundation.framework; path = System/Library/Frameworks/Foundation.framework; sourceTree = SDKROOT; };
		B007DB8C18BAC6CC009B6639 /* en */ = {isa = PBXFileReference; lastKnownFileType = text.plist.strings; name = en; path = en.lproj/InfoPlist.strings; sourceTree = "<group>"; };
		B007DB9218BAC6CC009B6639 /* en */ = {isa = PBXFileReference; lastKnownFileType = text.rtf; name = en; path = en.lproj/Credits.rtf; sourceTree = "<group>"; };
		B007DB9818BAC6CC009B6639 /* Base */ = {isa = PBXFileReference; lastKnownFileType = file.xib; name = Base; path = Base.lproj/MainMenu.xib; sourceTree = "<group>"; };
		B061FD6F18ADD63C0002CF2D /* AppKit.framework */ = {isa = PBXFileReference; lastKnownFileType = wrapper.framework; name = AppKit.framework; path = System/Library/Frameworks/AppKit.framework; sourceTree = SDKROOT; };
		B0DDC06618BEFA1D009E9944 /* Radio.xcdatamodel */ = {isa = PBXFileReference; lastKnownFileType = wrapper.xcdatamodel; path = Radio.xcdatamodel; sourceTree = "<group>"; };
		B0DDC06B18BEFBD5009E9944 /* _RadioManagedAudioClip.h */ = {isa = PBXFileReference; fileEncoding = 4; lastKnownFileType = sourcecode.c.h; path = _RadioManagedAudioClip.h; sourceTree = "<group>"; };
		B0DDC06C18BEFBD5009E9944 /* _RadioManagedAudioClip.m */ = {isa = PBXFileReference; fileEncoding = 4; lastKnownFileType = sourcecode.c.objc; path = _RadioManagedAudioClip.m; sourceTree = "<group>"; };
		B0DDC06D18BEFBD5009E9944 /* _RadioManagedSkipHistory.h */ = {isa = PBXFileReference; fileEncoding = 4; lastKnownFileType = sourcecode.c.h; path = _RadioManagedSkipHistory.h; sourceTree = "<group>"; };
		B0DDC06E18BEFBD5009E9944 /* _RadioManagedSkipHistory.m */ = {isa = PBXFileReference; fileEncoding = 4; lastKnownFileType = sourcecode.c.objc; path = _RadioManagedSkipHistory.m; sourceTree = "<group>"; };
		B0DDC06F18BEFBD5009E9944 /* _RadioManagedStation.h */ = {isa = PBXFileReference; fileEncoding = 4; lastKnownFileType = sourcecode.c.h; path = _RadioManagedStation.h; sourceTree = "<group>"; };
		B0DDC07018BEFBD5009E9944 /* _RadioManagedStation.m */ = {isa = PBXFileReference; fileEncoding = 4; lastKnownFileType = sourcecode.c.objc; path = _RadioManagedStation.m; sourceTree = "<group>"; };
		B0DDC07118BEFBD5009E9944 /* _RadioManagedTrack.h */ = {isa = PBXFileReference; fileEncoding = 4; lastKnownFileType = sourcecode.c.h; path = _RadioManagedTrack.h; sourceTree = "<group>"; };
		B0DDC07218BEFBD5009E9944 /* _RadioManagedTrack.m */ = {isa = PBXFileReference; fileEncoding = 4; lastKnownFileType = sourcecode.c.objc; path = _RadioManagedTrack.m; sourceTree = "<group>"; };
		B0DDC07318BEFBD5009E9944 /* _RadioManagedTrackHistory.h */ = {isa = PBXFileReference; fileEncoding = 4; lastKnownFileType = sourcecode.c.h; path = _RadioManagedTrackHistory.h; sourceTree = "<group>"; };
		B0DDC07418BEFBD5009E9944 /* _RadioManagedTrackHistory.m */ = {isa = PBXFileReference; fileEncoding = 4; lastKnownFileType = sourcecode.c.objc; path = _RadioManagedTrackHistory.m; sourceTree = "<group>"; };
		B0DDC07518BEFBD5009E9944 /* _RadioRevision.h */ = {isa = PBXFileReference; fileEncoding = 4; lastKnownFileType = sourcecode.c.h; path = _RadioRevision.h; sourceTree = "<group>"; };
		B0DDC07618BEFBD5009E9944 /* _RadioRevision.m */ = {isa = PBXFileReference; fileEncoding = 4; lastKnownFileType = sourcecode.c.objc; path = _RadioRevision.m; sourceTree = "<group>"; };
		B0DDC07718BEFBD5009E9944 /* RadioManagedAudioClip.h */ = {isa = PBXFileReference; fileEncoding = 4; lastKnownFileType = sourcecode.c.h; path = RadioManagedAudioClip.h; sourceTree = "<group>"; };
		B0DDC07818BEFBD5009E9944 /* RadioManagedAudioClip.m */ = {isa = PBXFileReference; fileEncoding = 4; lastKnownFileType = sourcecode.c.objc; path = RadioManagedAudioClip.m; sourceTree = "<group>"; };
		B0DDC07918BEFBD5009E9944 /* RadioManagedSkipHistory.h */ = {isa = PBXFileReference; fileEncoding = 4; lastKnownFileType = sourcecode.c.h; path = RadioManagedSkipHistory.h; sourceTree = "<group>"; };
		B0DDC07A18BEFBD5009E9944 /* RadioManagedSkipHistory.m */ = {isa = PBXFileReference; fileEncoding = 4; lastKnownFileType = sourcecode.c.objc; path = RadioManagedSkipHistory.m; sourceTree = "<group>"; };
		B0DDC07B18BEFBD5009E9944 /* RadioManagedStation.h */ = {isa = PBXFileReference; fileEncoding = 4; lastKnownFileType = sourcecode.c.h; path = RadioManagedStation.h; sourceTree = "<group>"; };
		B0DDC07C18BEFBD5009E9944 /* RadioManagedStation.m */ = {isa = PBXFileReference; fileEncoding = 4; lastKnownFileType = sourcecode.c.objc; path = RadioManagedStation.m; sourceTree = "<group>"; };
		B0DDC07D18BEFBD5009E9944 /* RadioManagedTrack.h */ = {isa = PBXFileReference; fileEncoding = 4; lastKnownFileType = sourcecode.c.h; path = RadioManagedTrack.h; sourceTree = "<group>"; };
		B0DDC07E18BEFBD5009E9944 /* RadioManagedTrack.m */ = {isa = PBXFileReference; fileEncoding = 4; lastKnownFileType = sourcecode.c.objc; path = RadioManagedTrack.m; sourceTree = "<group>"; };
		B0DDC07F18BEFBD5009E9944 /* RadioManagedTrackHistory.h */ = {isa = PBXFileReference; fileEncoding = 4; lastKnownFileType = sourcecode.c.h; path = RadioManagedTrackHistory.h; sourceTree = "<group>"; };
		B0DDC08018BEFBD5009E9944 /* RadioManagedTrackHistory.m */ = {isa = PBXFileReference; fileEncoding = 4; lastKnownFileType = sourcecode.c.objc; path = RadioManagedTrackHistory.m; sourceTree = "<group>"; };
		B0DDC08118BEFBD5009E9944 /* RadioRevision.h */ = {isa = PBXFileReference; fileEncoding = 4; lastKnownFileType = sourcecode.c.h; path = RadioRevision.h; sourceTree = "<group>"; };
		B0DDC08218BEFBD5009E9944 /* RadioRevision.m */ = {isa = PBXFileReference; fileEncoding = 4; lastKnownFileType = sourcecode.c.objc; path = RadioRevision.m; sourceTree = "<group>"; };
		B0E9985E18BAC2F50068191C /* Cocoa.framework */ = {isa = PBXFileReference; lastKnownFileType = wrapper.framework; name = Cocoa.framework; path = System/Library/Frameworks/Cocoa.framework; sourceTree = SDKROOT; };
/* End PBXFileReference section */

/* Begin PBXFrameworksBuildPhase section */
		0A229A82189A74CC006904CA /* Frameworks */ = {
			isa = PBXFrameworksBuildPhase;
			buildActionMask = 2147483647;
			files = (
				0A229A86189A74CC006904CA /* XCTest.framework in Frameworks */,
				0A229A87189A74CC006904CA /* Foundation.framework in Frameworks */,
			);
			runOnlyForDeploymentPostprocessing = 0;
		};
		0AB8C96B18854D2900117769 /* Frameworks */ = {
			isa = PBXFrameworksBuildPhase;
			buildActionMask = 2147483647;
			files = (
				B0E9985F18BAC2F50068191C /* Cocoa.framework in Frameworks */,
				0AB8C97418854D2900117769 /* CoreGraphics.framework in Frameworks */,
				0AB8C97218854D2900117769 /* Foundation.framework in Frameworks */,
				B061FD7018ADD63C0002CF2D /* AppKit.framework in Frameworks */,
				2061CB103A9C455D881C767F /* libPods.a in Frameworks */,
			);
			runOnlyForDeploymentPostprocessing = 0;
		};
/* End PBXFrameworksBuildPhase section */

/* Begin PBXGroup section */
		0A229A89189A74CC006904CA /* Tests */ = {
			isa = PBXGroup;
			children = (
				0A229A8F189A74CC006904CA /* Tests.m */,
				0A229A8A189A74CC006904CA /* Supporting Files */,
			);
			path = Tests;
			sourceTree = "<group>";
		};
		0A229A8A189A74CC006904CA /* Supporting Files */ = {
			isa = PBXGroup;
			children = (
				0A229A8B189A74CC006904CA /* Tests-Info.plist */,
				0A229A8C189A74CC006904CA /* InfoPlist.strings */,
				0A229A91189A74CC006904CA /* Tests-Prefix.pch */,
			);
			name = "Supporting Files";
			sourceTree = "<group>";
		};
		0AB8C96518854D2900117769 = {
			isa = PBXGroup;
			children = (
				0AB8C97718854D2900117769 /* iTunesRadioScrobble */,
				0A229A89189A74CC006904CA /* Tests */,
				0AB8C97018854D2900117769 /* Frameworks */,
				0AB8C96F18854D2900117769 /* Products */,
				AA43C0483E5C4DED9057228A /* Pods.xcconfig */,
			);
			sourceTree = "<group>";
		};
		0AB8C96F18854D2900117769 /* Products */ = {
			isa = PBXGroup;
			children = (
				0AB8C96E18854D2900117769 /* iTunesRadioScrobble.app */,
				0A229A85189A74CC006904CA /* Tests.xctest */,
			);
			name = Products;
			sourceTree = "<group>";
		};
		0AB8C97018854D2900117769 /* Frameworks */ = {
			isa = PBXGroup;
			children = (
				B0E9985E18BAC2F50068191C /* Cocoa.framework */,
				B061FD6F18ADD63C0002CF2D /* AppKit.framework */,
				0AB8C97118854D2900117769 /* Foundation.framework */,
				0AB8C97318854D2900117769 /* CoreGraphics.framework */,
				0AB8C99318854D2900117769 /* XCTest.framework */,
				0531F1C2FA124A1DA5036561 /* libPods.a */,
				B007DB8418BAC6CB009B6639 /* Other Frameworks */,
			);
			name = Frameworks;
			sourceTree = "<group>";
		};
		0AB8C97718854D2900117769 /* iTunesRadioScrobble */ = {
			isa = PBXGroup;
			children = (
				0AB8C9A918854E2700117769 /* Classes */,
				0AB8C9B518854E2700117769 /* Resources */,
				0AB8C9BB18854E2700117769 /* Supporting Files */,
			);
			path = iTunesRadioScrobble;
			sourceTree = "<group>";
		};
		0AB8C9A918854E2700117769 /* Classes */ = {
			isa = PBXGroup;
			children = (
				0AB8C9AA18854E2700117769 /* AppDelegate */,
				0AB8C9AD18854E2700117769 /* Categories */,
				0AB8C9AE18854E2700117769 /* Models */,
				0AB8C9B318854E2700117769 /* Utilities */,
				0AB8C9B418854E2700117769 /* View Controllers */,
				0AB8C9AF18854E2700117769 /* Third Party */,
			);
			path = Classes;
			sourceTree = "<group>";
		};
		0AB8C9AA18854E2700117769 /* AppDelegate */ = {
			isa = PBXGroup;
			children = (
				0AB8C9AB18854E2700117769 /* AppDelegate.h */,
				0AB8C9AC18854E2700117769 /* AppDelegate.m */,
			);
			path = AppDelegate;
			sourceTree = "<group>";
		};
		0AB8C9AD18854E2700117769 /* Categories */ = {
			isa = PBXGroup;
			children = (
				0AB8C9C518854E9100117769 /* GVUserDefaults+Properties.h */,
				0AB8C9C618854E9100117769 /* GVUserDefaults+Properties.m */,
			);
			path = Categories;
			sourceTree = "<group>";
		};
		0AB8C9AE18854E2700117769 /* Models */ = {
			isa = PBXGroup;
			children = (
				B0DDC06A18BEFBD5009E9944 /* Machine */,
				B0DDC07718BEFBD5009E9944 /* RadioManagedAudioClip.h */,
				B0DDC07818BEFBD5009E9944 /* RadioManagedAudioClip.m */,
				B0DDC07918BEFBD5009E9944 /* RadioManagedSkipHistory.h */,
				B0DDC07A18BEFBD5009E9944 /* RadioManagedSkipHistory.m */,
				B0DDC07B18BEFBD5009E9944 /* RadioManagedStation.h */,
				B0DDC07C18BEFBD5009E9944 /* RadioManagedStation.m */,
				B0DDC07D18BEFBD5009E9944 /* RadioManagedTrack.h */,
				B0DDC07E18BEFBD5009E9944 /* RadioManagedTrack.m */,
				B0DDC07F18BEFBD5009E9944 /* RadioManagedTrackHistory.h */,
				B0DDC08018BEFBD5009E9944 /* RadioManagedTrackHistory.m */,
				B0DDC08118BEFBD5009E9944 /* RadioRevision.h */,
				B0DDC08218BEFBD5009E9944 /* RadioRevision.m */,
			);
			path = Models;
			sourceTree = "<group>";
		};
		0AB8C9AF18854E2700117769 /* Third Party */ = {
			isa = PBXGroup;
			children = (
			);
			path = "Third Party";
			sourceTree = "<group>";
		};
		0AB8C9B318854E2700117769 /* Utilities */ = {
			isa = PBXGroup;
			children = (
				0AB8C9D318858EAB00117769 /* Globals.h */,
				0AB8C9C818854ED600117769 /* Config.h */,
				0AB8C9C918854ED600117769 /* Config.m */,
				0AB8C9D018858C8C00117769 /* Utils.h */,
				0AB8C9D118858C8C00117769 /* Utils.m */,
			);
			path = Utilities;
			sourceTree = "<group>";
		};
		0AB8C9B418854E2700117769 /* View Controllers */ = {
			isa = PBXGroup;
			children = (
			);
			path = "View Controllers";
			sourceTree = "<group>";
		};
		0AB8C9B518854E2700117769 /* Resources */ = {
			isa = PBXGroup;
			children = (
				B007DB8B18BAC6CC009B6639 /* InfoPlist.strings */,
				B007DB9118BAC6CC009B6639 /* Credits.rtf */,
				B007DB9718BAC6CC009B6639 /* MainMenu.xib */,
				0AB8C9B618854E2700117769 /* Images.xcassets */,
				B0DDC06518BEFA1D009E9944 /* Radio.xcdatamodeld */,
			);
			path = Resources;
			sourceTree = "<group>";
		};
		0AB8C9BB18854E2700117769 /* Supporting Files */ = {
			isa = PBXGroup;
			children = (
				0AB8C9BC18854E2700117769 /* iTunesRadioScrobble-Info.plist */,
				0AB8C9BD18854E2700117769 /* iTunesRadioScrobble-Prefix.pch */,
				0AB8C9BE18854E2700117769 /* main.m */,
			);
			path = "Supporting Files";
			sourceTree = "<group>";
		};
		B007DB8418BAC6CB009B6639 /* Other Frameworks */ = {
			isa = PBXGroup;
			children = (
				B007DB8518BAC6CB009B6639 /* AppKit.framework */,
				B007DB8618BAC6CB009B6639 /* CoreData.framework */,
				B007DB8718BAC6CB009B6639 /* Foundation.framework */,
			);
			name = "Other Frameworks";
			sourceTree = "<group>";
		};
		B0DDC06A18BEFBD5009E9944 /* Machine */ = {
			isa = PBXGroup;
			children = (
				B0DDC06B18BEFBD5009E9944 /* _RadioManagedAudioClip.h */,
				B0DDC06C18BEFBD5009E9944 /* _RadioManagedAudioClip.m */,
				B0DDC06D18BEFBD5009E9944 /* _RadioManagedSkipHistory.h */,
				B0DDC06E18BEFBD5009E9944 /* _RadioManagedSkipHistory.m */,
				B0DDC06F18BEFBD5009E9944 /* _RadioManagedStation.h */,
				B0DDC07018BEFBD5009E9944 /* _RadioManagedStation.m */,
				B0DDC07118BEFBD5009E9944 /* _RadioManagedTrack.h */,
				B0DDC07218BEFBD5009E9944 /* _RadioManagedTrack.m */,
				B0DDC07318BEFBD5009E9944 /* _RadioManagedTrackHistory.h */,
				B0DDC07418BEFBD5009E9944 /* _RadioManagedTrackHistory.m */,
				B0DDC07518BEFBD5009E9944 /* _RadioRevision.h */,
				B0DDC07618BEFBD5009E9944 /* _RadioRevision.m */,
			);
			path = Machine;
			sourceTree = "<group>";
		};
/* End PBXGroup section */

/* Begin PBXNativeTarget section */
		0A229A84189A74CC006904CA /* Tests */ = {
			isa = PBXNativeTarget;
			buildConfigurationList = 0A229A94189A74CC006904CA /* Build configuration list for PBXNativeTarget "Tests" */;
			buildPhases = (
				0A229A81189A74CC006904CA /* Sources */,
				0A229A82189A74CC006904CA /* Frameworks */,
				0A229A83189A74CC006904CA /* Resources */,
			);
			buildRules = (
			);
			dependencies = (
				0A229A93189A74CC006904CA /* PBXTargetDependency */,
			);
			name = Tests;
			productName = Tests;
			productReference = 0A229A85189A74CC006904CA /* Tests.xctest */;
			productType = "com.apple.product-type.bundle.unit-test";
		};
		0AB8C96D18854D2900117769 /* iTunesRadioScrobble */ = {
			isa = PBXNativeTarget;
			buildConfigurationList = 0AB8C9A318854D2900117769 /* Build configuration list for PBXNativeTarget "iTunesRadioScrobble" */;
			buildPhases = (
				1A2A7FD019A44BCDBD316AFB /* Check Pods Manifest.lock */,
				0AB8C96A18854D2900117769 /* Sources */,
				0AB8C96B18854D2900117769 /* Frameworks */,
				0AB8C96C18854D2900117769 /* Resources */,
				5A167A55BEE1432C8A0D4BD9 /* Copy Pods Resources */,
				0A8C6C57189FD70600831EA8 /* ShellScript */,
			);
			buildRules = (
			);
			dependencies = (
				B0DDC06918BEFAFC009E9944 /* PBXTargetDependency */,
			);
			name = iTunesRadioScrobble;
			productName = iTunesRadioScrobble;
			productReference = 0AB8C96E18854D2900117769 /* iTunesRadioScrobble.app */;
			productType = "com.apple.product-type.application";
		};
/* End PBXNativeTarget section */

/* Begin PBXProject section */
		0AB8C96618854D2900117769 /* Project object */ = {
			isa = PBXProject;
			attributes = {
				LastUpgradeCheck = 0500;
				ORGANIZATIONNAME = "Jolyon Suthers";
				TargetAttributes = {
					0A229A84189A74CC006904CA = {
						TestTargetID = 0AB8C96D18854D2900117769;
					};
				};
			};
			buildConfigurationList = 0AB8C96918854D2900117769 /* Build configuration list for PBXProject "iTunesRadioScrobble" */;
			compatibilityVersion = "Xcode 3.2";
			developmentRegion = English;
			hasScannedForEncodings = 0;
			knownRegions = (
				en,
				Base,
			);
			mainGroup = 0AB8C96518854D2900117769;
			productRefGroup = 0AB8C96F18854D2900117769 /* Products */;
			projectDirPath = "";
			projectRoot = "";
			targets = (
				0AB8C96D18854D2900117769 /* iTunesRadioScrobble */,
				0A229A7B189A7445006904CA /* Mogenerator */,
				0A229A84189A74CC006904CA /* Tests */,
			);
		};
/* End PBXProject section */

/* Begin PBXResourcesBuildPhase section */
		0A229A83189A74CC006904CA /* Resources */ = {
			isa = PBXResourcesBuildPhase;
			buildActionMask = 2147483647;
			files = (
				0A229A8E189A74CC006904CA /* InfoPlist.strings in Resources */,
			);
			runOnlyForDeploymentPostprocessing = 0;
		};
		0AB8C96C18854D2900117769 /* Resources */ = {
			isa = PBXResourcesBuildPhase;
			buildActionMask = 2147483647;
			files = (
				B00071DF18BACA9000BB0C19 /* MainMenu.xib in Resources */,
				B00071E018BACAA600BB0C19 /* InfoPlist.strings in Resources */,
				B00071E118BACAA600BB0C19 /* Credits.rtf in Resources */,
				0AB8C9C018854E2700117769 /* Images.xcassets in Resources */,
			);
			runOnlyForDeploymentPostprocessing = 0;
		};
/* End PBXResourcesBuildPhase section */

/* Begin PBXShellScriptBuildPhase section */
		0A229A80189A7464006904CA /* ShellScript */ = {
			isa = PBXShellScriptBuildPhase;
			buildActionMask = 2147483647;
			files = (
			);
			inputPaths = (
			);
			outputPaths = (
			);
			runOnlyForDeploymentPostprocessing = 0;
			shellPath = /bin/sh;
			shellScript = "MODELS_DIR=\"${PROJECT_DIR}/iTunesRadioScrobble/Resources\"\nDATA_MODEL_PACKAGE=\"$MODELS_DIR/Radio.xcdatamodeld\"\nCURRENT_VERSION=`/usr/libexec/PlistBuddy \"$DATA_MODEL_PACKAGE/.xccurrentversion\" -c 'print _XCCurrentVersionName'`\nOUTPUT_DIR=\"${PROJECT_DIR}/iTunesRadioScrobble/Classes/Models\"\n/usr/local/bin/mogenerator --model \"$DATA_MODEL_PACKAGE/$CURRENT_VERSION\" --human-dir \"$OUTPUT_DIR/\" --machine-dir \"$OUTPUT_DIR/Machine/\" --template-var arc=true\n";
		};
		0A8C6C57189FD70600831EA8 /* ShellScript */ = {
			isa = PBXShellScriptBuildPhase;
			buildActionMask = 2147483647;
			files = (
			);
			inputPaths = (
			);
			outputPaths = (
			);
			runOnlyForDeploymentPostprocessing = 0;
			shellPath = /bin/sh;
			shellScript = "KEYWORDS=\"TODO:|FIXME:|\\?\\?\\?:|\\!\\!\\!:\"\nfind \"${SRCROOT}/iTunesRadioScrobble\" \\( -name \"*.h\" -or -name \"*.m\" \\) -print0 | xargs -0 egrep --with-filename --line-number --only-matching \"($KEYWORDS).*\\$\" | perl -p -e \"s/($KEYWORDS)/ warning: \\$1/\"";
		};
		1A2A7FD019A44BCDBD316AFB /* Check Pods Manifest.lock */ = {
			isa = PBXShellScriptBuildPhase;
			buildActionMask = 2147483647;
			files = (
			);
			inputPaths = (
			);
			name = "Check Pods Manifest.lock";
			outputPaths = (
			);
			runOnlyForDeploymentPostprocessing = 0;
			shellPath = /bin/sh;
			shellScript = "diff \"${PODS_ROOT}/../Podfile.lock\" \"${PODS_ROOT}/Manifest.lock\" > /dev/null\nif [[ $? != 0 ]] ; then\n    cat << EOM\nerror: The sandbox is not in sync with the Podfile.lock. Run 'pod install' or update your CocoaPods installation.\nEOM\n    exit 1\nfi\n";
			showEnvVarsInLog = 0;
		};
		5A167A55BEE1432C8A0D4BD9 /* Copy Pods Resources */ = {
			isa = PBXShellScriptBuildPhase;
			buildActionMask = 2147483647;
			files = (
			);
			inputPaths = (
			);
			name = "Copy Pods Resources";
			outputPaths = (
			);
			runOnlyForDeploymentPostprocessing = 0;
			shellPath = /bin/sh;
			shellScript = "\"${SRCROOT}/Pods/Pods-resources.sh\"\n";
			showEnvVarsInLog = 0;
		};
/* End PBXShellScriptBuildPhase section */

/* Begin PBXSourcesBuildPhase section */
		0A229A81189A74CC006904CA /* Sources */ = {
			isa = PBXSourcesBuildPhase;
			buildActionMask = 2147483647;
			files = (
				0A229A90189A74CC006904CA /* Tests.m in Sources */,
			);
			runOnlyForDeploymentPostprocessing = 0;
		};
		0AB8C96A18854D2900117769 /* Sources */ = {
			isa = PBXSourcesBuildPhase;
			buildActionMask = 2147483647;
			files = (
				0AB8C9C418854E2700117769 /* main.m in Sources */,
				B0DDC08418BEFBD5009E9944 /* _RadioManagedSkipHistory.m in Sources */,
				B0DDC08318BEFBD5009E9944 /* _RadioManagedAudioClip.m in Sources */,
				B0DDC08618BEFBD5009E9944 /* _RadioManagedTrack.m in Sources */,
				B0DDC08E18BEFBD5009E9944 /* RadioRevision.m in Sources */,
				B0DDC06718BEFA1D009E9944 /* Radio.xcdatamodeld in Sources */,
				0AB8C9CA18854ED600117769 /* Config.m in Sources */,
				B0DDC08518BEFBD5009E9944 /* _RadioManagedStation.m in Sources */,
				0AB8C9D218858C8C00117769 /* Utils.m in Sources */,
				B0DDC08D18BEFBD5009E9944 /* RadioManagedTrackHistory.m in Sources */,
				B0DDC08818BEFBD5009E9944 /* _RadioRevision.m in Sources */,
				0AB8C9BF18854E2700117769 /* AppDelegate.m in Sources */,
				B0DDC08918BEFBD5009E9944 /* RadioManagedAudioClip.m in Sources */,
				B0DDC08718BEFBD5009E9944 /* _RadioManagedTrackHistory.m in Sources */,
				0AB8C9C718854E9100117769 /* GVUserDefaults+Properties.m in Sources */,
				B0DDC08A18BEFBD5009E9944 /* RadioManagedSkipHistory.m in Sources */,
				B0DDC08B18BEFBD5009E9944 /* RadioManagedStation.m in Sources */,
				B0DDC08C18BEFBD5009E9944 /* RadioManagedTrack.m in Sources */,
			);
			runOnlyForDeploymentPostprocessing = 0;
		};
/* End PBXSourcesBuildPhase section */

/* Begin PBXTargetDependency section */
		0A229A93189A74CC006904CA /* PBXTargetDependency */ = {
			isa = PBXTargetDependency;
			target = 0AB8C96D18854D2900117769 /* iTunesRadioScrobble */;
			targetProxy = 0A229A92189A74CC006904CA /* PBXContainerItemProxy */;
		};
		B0DDC06918BEFAFC009E9944 /* PBXTargetDependency */ = {
			isa = PBXTargetDependency;
			target = 0A229A7B189A7445006904CA /* Mogenerator */;
			targetProxy = B0DDC06818BEFAFC009E9944 /* PBXContainerItemProxy */;
		};
/* End PBXTargetDependency section */

/* Begin PBXVariantGroup section */
		0A229A8C189A74CC006904CA /* InfoPlist.strings */ = {
			isa = PBXVariantGroup;
			children = (
				0A229A8D189A74CC006904CA /* en */,
			);
			name = InfoPlist.strings;
			sourceTree = "<group>";
		};
		B007DB8B18BAC6CC009B6639 /* InfoPlist.strings */ = {
			isa = PBXVariantGroup;
			children = (
				B007DB8C18BAC6CC009B6639 /* en */,
			);
			name = InfoPlist.strings;
			sourceTree = "<group>";
		};
		B007DB9118BAC6CC009B6639 /* Credits.rtf */ = {
			isa = PBXVariantGroup;
			children = (
				B007DB9218BAC6CC009B6639 /* en */,
			);
			name = Credits.rtf;
			sourceTree = "<group>";
		};
		B007DB9718BAC6CC009B6639 /* MainMenu.xib */ = {
			isa = PBXVariantGroup;
			children = (
				B007DB9818BAC6CC009B6639 /* Base */,
			);
			name = MainMenu.xib;
			sourceTree = "<group>";
		};
/* End PBXVariantGroup section */

/* Begin XCBuildConfiguration section */
		0A229A7C189A7445006904CA /* Debug */ = {
			isa = XCBuildConfiguration;
			buildSettings = {
				PRODUCT_NAME = "$(TARGET_NAME)";
			};
			name = Debug;
		};
		0A229A7D189A7445006904CA /* Master */ = {
			isa = XCBuildConfiguration;
			buildSettings = {
				PRODUCT_NAME = "$(TARGET_NAME)";
			};
			name = Master;
		};
		0A229A7E189A7445006904CA /* Release */ = {
			isa = XCBuildConfiguration;
			buildSettings = {
				PRODUCT_NAME = "$(TARGET_NAME)";
			};
			name = Release;
		};
		0A229A95189A74CC006904CA /* Debug */ = {
			isa = XCBuildConfiguration;
			buildSettings = {
				ARCHS = "$(ARCHS_STANDARD_INCLUDING_64_BIT)";
				BUNDLE_LOADER = "$(BUILT_PRODUCTS_DIR)/iTunesRadioScrobble1.app/Contents/MacOS/iTunesRadioScrobble1";
				FRAMEWORK_SEARCH_PATHS = (
					"$(SDKROOT)/Developer/Library/Frameworks",
					"$(inherited)",
					"$(DEVELOPER_FRAMEWORKS_DIR)",
				);
				GCC_PRECOMPILE_PREFIX_HEADER = YES;
				GCC_PREFIX_HEADER = "Tests/Tests-Prefix.pch";
				GCC_PREPROCESSOR_DEFINITIONS = (
					"DEBUG=1",
					"$(inherited)",
				);
				INFOPLIST_FILE = "Tests/Tests-Info.plist";
				MACOSX_DEPLOYMENT_TARGET = 10.9;
				PRODUCT_NAME = "$(TARGET_NAME)";
				TEST_HOST = "$(BUNDLE_LOADER)";
				WRAPPER_EXTENSION = xctest;
			};
			name = Debug;
		};
		0A229A96189A74CC006904CA /* Master */ = {
			isa = XCBuildConfiguration;
			buildSettings = {
				ARCHS = "$(ARCHS_STANDARD_INCLUDING_64_BIT)";
				BUNDLE_LOADER = "$(BUILT_PRODUCTS_DIR)/iTunesRadioScrobble1.app/Contents/MacOS/iTunesRadioScrobble1";
				FRAMEWORK_SEARCH_PATHS = (
					"$(SDKROOT)/Developer/Library/Frameworks",
					"$(inherited)",
					"$(DEVELOPER_FRAMEWORKS_DIR)",
				);
				GCC_PRECOMPILE_PREFIX_HEADER = YES;
				GCC_PREFIX_HEADER = "Tests/Tests-Prefix.pch";
				INFOPLIST_FILE = "Tests/Tests-Info.plist";
				MACOSX_DEPLOYMENT_TARGET = 10.9;
				PRODUCT_NAME = "$(TARGET_NAME)";
				TEST_HOST = "$(BUNDLE_LOADER)";
				WRAPPER_EXTENSION = xctest;
			};
			name = Master;
		};
		0A229A97189A74CC006904CA /* Release */ = {
			isa = XCBuildConfiguration;
			buildSettings = {
				ARCHS = "$(ARCHS_STANDARD_INCLUDING_64_BIT)";
				BUNDLE_LOADER = "$(BUILT_PRODUCTS_DIR)/iTunesRadioScrobble1.app/Contents/MacOS/iTunesRadioScrobble1";
				FRAMEWORK_SEARCH_PATHS = (
					"$(SDKROOT)/Developer/Library/Frameworks",
					"$(inherited)",
					"$(DEVELOPER_FRAMEWORKS_DIR)",
				);
				GCC_PRECOMPILE_PREFIX_HEADER = YES;
				GCC_PREFIX_HEADER = "Tests/Tests-Prefix.pch";
				INFOPLIST_FILE = "Tests/Tests-Info.plist";
				MACOSX_DEPLOYMENT_TARGET = 10.9;
				PRODUCT_NAME = "$(TARGET_NAME)";
				TEST_HOST = "$(BUNDLE_LOADER)";
				WRAPPER_EXTENSION = xctest;
			};
			name = Release;
		};
		0AB8C9A118854D2900117769 /* Debug */ = {
			isa = XCBuildConfiguration;
			buildSettings = {
				ALWAYS_SEARCH_USER_PATHS = NO;
				CLANG_ENABLE_MODULES = YES;
				CLANG_ENABLE_OBJC_ARC = YES;
				CLANG_WARN_BOOL_CONVERSION = YES;
				CLANG_WARN_CONSTANT_CONVERSION = YES;
				CLANG_WARN_DIRECT_OBJC_ISA_USAGE = YES_ERROR;
				CLANG_WARN_EMPTY_BODY = YES;
				CLANG_WARN_ENUM_CONVERSION = YES;
				CLANG_WARN_INT_CONVERSION = YES;
				CLANG_WARN_OBJC_ROOT_CLASS = YES_ERROR;
				CLANG_WARN__DUPLICATE_METHOD_MATCH = YES;
				COPY_PHASE_STRIP = NO;
				GCC_OPTIMIZATION_LEVEL = 0;
				GCC_WARN_64_TO_32_BIT_CONVERSION = YES;
				GCC_WARN_ABOUT_RETURN_TYPE = YES_ERROR;
				GCC_WARN_UNDECLARED_SELECTOR = YES;
				GCC_WARN_UNINITIALIZED_AUTOS = YES;
				GCC_WARN_UNUSED_FUNCTION = YES;
				GCC_WARN_UNUSED_VARIABLE = YES;
				ONLY_ACTIVE_ARCH = YES;
			};
			name = Debug;
		};
		0AB8C9A218854D2900117769 /* Release */ = {
			isa = XCBuildConfiguration;
			buildSettings = {
				ALWAYS_SEARCH_USER_PATHS = NO;
				CLANG_ENABLE_MODULES = YES;
				CLANG_ENABLE_OBJC_ARC = YES;
				CLANG_WARN_BOOL_CONVERSION = YES;
				CLANG_WARN_CONSTANT_CONVERSION = YES;
				CLANG_WARN_DIRECT_OBJC_ISA_USAGE = YES_ERROR;
				CLANG_WARN_EMPTY_BODY = YES;
				CLANG_WARN_ENUM_CONVERSION = YES;
				CLANG_WARN_INT_CONVERSION = YES;
				CLANG_WARN_OBJC_ROOT_CLASS = YES_ERROR;
				CLANG_WARN__DUPLICATE_METHOD_MATCH = YES;
				COPY_PHASE_STRIP = YES;
				ENABLE_NS_ASSERTIONS = NO;
				GCC_WARN_64_TO_32_BIT_CONVERSION = YES;
				GCC_WARN_ABOUT_RETURN_TYPE = YES_ERROR;
				GCC_WARN_UNDECLARED_SELECTOR = YES;
				GCC_WARN_UNINITIALIZED_AUTOS = YES;
				GCC_WARN_UNUSED_FUNCTION = YES;
				GCC_WARN_UNUSED_VARIABLE = YES;
				VALIDATE_PRODUCT = YES;
			};
			name = Release;
		};
		0AB8C9A418854D2900117769 /* Debug */ = {
			isa = XCBuildConfiguration;
			baseConfigurationReference = AA43C0483E5C4DED9057228A /* Pods.xcconfig */;
			buildSettings = {
				ASSETCATALOG_COMPILER_APPICON_NAME = AppIcon;
				ASSETCATALOG_COMPILER_LAUNCHIMAGE_NAME = LaunchImage;
				BUNDLE_DISPLAY_NAME_SUFFIX = " α";
				BUNDLE_ID_SUFFIX = .debug;
				GCC_PRECOMPILE_PREFIX_HEADER = YES;
				GCC_PREFIX_HEADER = "iTunesRadioScrobble/Supporting Files/iTunesRadioScrobble-Prefix.pch";
				GCC_PREPROCESSOR_DEFINITIONS = (
					"$(inherited)",
					"DEBUG=1",
					"CONFIGURATION_$(CONFIGURATION)",
				);
				INFOPLIST_FILE = "$(SRCROOT)/iTunesRadioScrobble/Supporting Files/iTunesRadioScrobble-Info.plist";
				MACOSX_DEPLOYMENT_TARGET = 10.9;
				PRODUCT_NAME = "$(TARGET_NAME)";
				WRAPPER_EXTENSION = app;
			};
			name = Debug;
		};
		0AB8C9A518854D2900117769 /* Release */ = {
			isa = XCBuildConfiguration;
			baseConfigurationReference = AA43C0483E5C4DED9057228A /* Pods.xcconfig */;
			buildSettings = {
				ASSETCATALOG_COMPILER_APPICON_NAME = AppIcon;
				ASSETCATALOG_COMPILER_LAUNCHIMAGE_NAME = LaunchImage;
				BUNDLE_DISPLAY_NAME_SUFFIX = "";
				BUNDLE_ID_SUFFIX = "";
				GCC_PRECOMPILE_PREFIX_HEADER = YES;
				GCC_PREFIX_HEADER = "iTunesRadioScrobble/Supporting Files/iTunesRadioScrobble-Prefix.pch";
				GCC_PREPROCESSOR_DEFINITIONS = (
					"$(inherited)",
					"CONFIGURATION_$(CONFIGURATION)",
				);
				INFOPLIST_FILE = "$(SRCROOT)/iTunesRadioScrobble/Supporting Files/iTunesRadioScrobble-Info.plist";
				MACOSX_DEPLOYMENT_TARGET = 10.9;
				PRODUCT_NAME = "$(TARGET_NAME)";
				WRAPPER_EXTENSION = app;
			};
			name = Release;
		};
		0AB8C9CE1885553500117769 /* Master */ = {
			isa = XCBuildConfiguration;
			buildSettings = {
				ALWAYS_SEARCH_USER_PATHS = NO;
				CLANG_ENABLE_MODULES = YES;
				CLANG_ENABLE_OBJC_ARC = YES;
				CLANG_WARN_BOOL_CONVERSION = YES;
				CLANG_WARN_CONSTANT_CONVERSION = YES;
				CLANG_WARN_DIRECT_OBJC_ISA_USAGE = YES_ERROR;
				CLANG_WARN_EMPTY_BODY = YES;
				CLANG_WARN_ENUM_CONVERSION = YES;
				CLANG_WARN_INT_CONVERSION = YES;
				CLANG_WARN_OBJC_ROOT_CLASS = YES_ERROR;
				CLANG_WARN__DUPLICATE_METHOD_MATCH = YES;
				COPY_PHASE_STRIP = NO;
				GCC_OPTIMIZATION_LEVEL = 0;
				GCC_WARN_64_TO_32_BIT_CONVERSION = YES;
				GCC_WARN_ABOUT_RETURN_TYPE = YES_ERROR;
				GCC_WARN_UNDECLARED_SELECTOR = YES;
				GCC_WARN_UNINITIALIZED_AUTOS = YES;
				GCC_WARN_UNUSED_FUNCTION = YES;
				GCC_WARN_UNUSED_VARIABLE = YES;
				ONLY_ACTIVE_ARCH = YES;
			};
			name = Master;
		};
		0AB8C9CF1885553500117769 /* Master */ = {
			isa = XCBuildConfiguration;
			baseConfigurationReference = AA43C0483E5C4DED9057228A /* Pods.xcconfig */;
			buildSettings = {
				ASSETCATALOG_COMPILER_APPICON_NAME = AppIcon;
				ASSETCATALOG_COMPILER_LAUNCHIMAGE_NAME = LaunchImage;
				BUNDLE_DISPLAY_NAME_SUFFIX = " β";
				BUNDLE_ID_SUFFIX = .master;
				GCC_PRECOMPILE_PREFIX_HEADER = YES;
				GCC_PREFIX_HEADER = "iTunesRadioScrobble/Supporting Files/iTunesRadioScrobble-Prefix.pch";
				GCC_PREPROCESSOR_DEFINITIONS = (
					"$(inherited)",
					"CONFIGURATION_$(CONFIGURATION)",
				);
				INFOPLIST_FILE = "$(SRCROOT)/iTunesRadioScrobble/Supporting Files/iTunesRadioScrobble-Info.plist";
				MACOSX_DEPLOYMENT_TARGET = 10.9;
				PRODUCT_NAME = "$(TARGET_NAME)";
				WRAPPER_EXTENSION = app;
			};
			name = Master;
		};
/* End XCBuildConfiguration section */

/* Begin XCConfigurationList section */
		0A229A7F189A7445006904CA /* Build configuration list for PBXAggregateTarget "Mogenerator" */ = {
			isa = XCConfigurationList;
			buildConfigurations = (
				0A229A7C189A7445006904CA /* Debug */,
				0A229A7D189A7445006904CA /* Master */,
				0A229A7E189A7445006904CA /* Release */,
			);
			defaultConfigurationIsVisible = 0;
			defaultConfigurationName = Release;
		};
		0A229A94189A74CC006904CA /* Build configuration list for PBXNativeTarget "Tests" */ = {
			isa = XCConfigurationList;
			buildConfigurations = (
				0A229A95189A74CC006904CA /* Debug */,
				0A229A96189A74CC006904CA /* Master */,
				0A229A97189A74CC006904CA /* Release */,
			);
			defaultConfigurationIsVisible = 0;
			defaultConfigurationName = Release;
		};
		0AB8C96918854D2900117769 /* Build configuration list for PBXProject "iTunesRadioScrobble" */ = {
			isa = XCConfigurationList;
			buildConfigurations = (
				0AB8C9A118854D2900117769 /* Debug */,
				0AB8C9CE1885553500117769 /* Master */,
				0AB8C9A218854D2900117769 /* Release */,
			);
			defaultConfigurationIsVisible = 0;
			defaultConfigurationName = Release;
		};
		0AB8C9A318854D2900117769 /* Build configuration list for PBXNativeTarget "iTunesRadioScrobble" */ = {
			isa = XCConfigurationList;
			buildConfigurations = (
				0AB8C9A418854D2900117769 /* Debug */,
				0AB8C9CF1885553500117769 /* Master */,
				0AB8C9A518854D2900117769 /* Release */,
			);
			defaultConfigurationIsVisible = 0;
			defaultConfigurationName = Release;
		};
/* End XCConfigurationList section */

/* Begin XCVersionGroup section */
		B0DDC06518BEFA1D009E9944 /* Radio.xcdatamodeld */ = {
			isa = XCVersionGroup;
			children = (
				B0DDC06618BEFA1D009E9944 /* Radio.xcdatamodel */,
			);
			currentVersion = B0DDC06618BEFA1D009E9944 /* Radio.xcdatamodel */;
			path = Radio.xcdatamodeld;
			sourceTree = "<group>";
			versionGroupType = wrapper.xcdatamodel;
		};
/* End XCVersionGroup section */
	};
	rootObject = 0AB8C96618854D2900117769 /* Project object */;
}
